
Microsoft Visual Studio Solution File, Format Version 12.00
# Visual Studio Version 17
VisualStudioVersion = 17.0.31903.59
MinimumVisualStudioVersion = 10.0.40219.1
Project("{2150E333-8FDC-42A3-9474-1A3956D46DE8}") = "src", "src", "{9F7A7580-E4F3-436D-9EE1-7CB17DC122F5}"
EndProject
Project("{FAE04EC0-301F-11D3-BF4B-00C04F79EFBC}") = "LimbusAssistant.Engine", "src\LimbusAssistant.Engine\LimbusAssistant.Engine.csproj", "{042DAC05-9CA8-4D1D-A162-BA6A3532F779}"
EndProject
Project("{FAE04EC0-301F-11D3-BF4B-00C04F79EFBC}") = "LimbusAssistant.Vision", "src\LimbusAssistant.Vision\LimbusAssistant.Vision.csproj", "{D5D31EEA-B431-4063-AA08-B7FF263773EE}"
EndProject
Project("{FAE04EC0-301F-11D3-BF4B-00C04F79EFBC}") = "LimbusAssistant", "src\LimbusAssistant\LimbusAssistant.csproj", "{4CCFE659-93B3-4E66-B734-FA3EAFC1CDD2}"
EndProject
Project("{2150E333-8FDC-42A3-9474-1A3956D46DE8}") = "tests", "tests", "{928169FE-2094-4FC7-BA8B-8436ED6EEF82}"
EndProject
Project("{FAE04EC0-301F-11D3-BF4B-00C04F79EFBC}") = "LimbusAssistant.Engine.Tests", "tests\LimbusAssistant.Engine.Tests\LimbusAssistant.Engine.Tests.csproj", "{B94DF98D-5943-4E22-A1BE-5E400C9A7BCE}"
EndProject
Project("{2150E333-8FDC-42A3-9474-1A3956D46DE8}") = "tools", "tools", "{6CF4210D-0097-4FC6-BC16-1D5AA85D2DC5}"
EndProject
Project("{FAE04EC0-301F-11D3-BF4B-00C04F79EFBC}") = "WikiImporter", "tools\WikiImporter\WikiImporter.csproj", "{3B9C978E-0950-4AD5-BF77-40CBFEBD459A}"
EndProject
Project("{FAE04EC0-301F-11D3-BF4B-00C04F79EFBC}") = "CaptureProbe", "tools\CaptureProbe\CaptureProbe.csproj", "{53A7481E-B180-49C2-834C-F01C9C2FC478}"
EndProject
Project("{FAE04EC0-301F-11D3-BF4B-00C04F79EFBC}") = "LimbusAssistant.Vision.Tests", "tests\LimbusAssistant.Vision.Tests\LimbusAssistant.Vision.Tests.csproj", "{19876F02-C8EC-445F-9B78-1C4FF2B9C47E}"
EndProject
Global
	GlobalSection(SolutionConfigurationPlatforms) = preSolution
		Debug|Any CPU = Debug|Any CPU
		Release|Any CPU = Release|Any CPU
	EndGlobalSection
	GlobalSection(SolutionProperties) = preSolution
		HideSolutionNode = FALSE
	EndGlobalSection
	GlobalSection(ProjectConfigurationPlatforms) = postSolution
		{042DAC05-9CA8-4D1D-A162-BA6A3532F779}.Debug|Any CPU.ActiveCfg = Debug|Any CPU
		{042DAC05-9CA8-4D1D-A162-BA6A3532F779}.Debug|Any CPU.Build.0 = Debug|Any CPU
		{042DAC05-9CA8-4D1D-A162-BA6A3532F779}.Release|Any CPU.ActiveCfg = Release|Any CPU
		{042DAC05-9CA8-4D1D-A162-BA6A3532F779}.Release|Any CPU.Build.0 = Release|Any CPU
		{D5D31EEA-B431-4063-AA08-B7FF263773EE}.Debug|Any CPU.ActiveCfg = Debug|Any CPU
		{D5D31EEA-B431-4063-AA08-B7FF263773EE}.Debug|Any CPU.Build.0 = Debug|Any CPU
		{D5D31EEA-B431-4063-AA08-B7FF263773EE}.Release|Any CPU.ActiveCfg = Release|Any CPU
		{D5D31EEA-B431-4063-AA08-B7FF263773EE}.Release|Any CPU.Build.0 = Release|Any CPU
		{4CCFE659-93B3-4E66-B734-FA3EAFC1CDD2}.Debug|Any CPU.ActiveCfg = Debug|Any CPU
		{4CCFE659-93B3-4E66-B734-FA3EAFC1CDD2}.Debug|Any CPU.Build.0 = Debug|Any CPU
		{4CCFE659-93B3-4E66-B734-FA3EAFC1CDD2}.Release|Any CPU.ActiveCfg = Release|Any CPU
		{4CCFE659-93B3-4E66-B734-FA3EAFC1CDD2}.Release|Any CPU.Build.0 = Release|Any CPU
		{B94DF98D-5943-4E22-A1BE-5E400C9A7BCE}.Debug|Any CPU.ActiveCfg = Debug|Any CPU
		{B94DF98D-5943-4E22-A1BE-5E400C9A7BCE}.Debug|Any CPU.Build.0 = Debug|Any CPU
		{B94DF98D-5943-4E22-A1BE-5E400C9A7BCE}.Release|Any CPU.ActiveCfg = Release|Any CPU
		{B94DF98D-5943-4E22-A1BE-5E400C9A7BCE}.Release|Any CPU.Build.0 = Release|Any CPU
		{3B9C978E-0950-4AD5-BF77-40CBFEBD459A}.Debug|Any CPU.ActiveCfg = Debug|Any CPU
		{3B9C978E-0950-4AD5-BF77-40CBFEBD459A}.Debug|Any CPU.Build.0 = Debug|Any CPU
		{3B9C978E-0950-4AD5-BF77-40CBFEBD459A}.Release|Any CPU.ActiveCfg = Release|Any CPU
		{3B9C978E-0950-4AD5-BF77-40CBFEBD459A}.Release|Any CPU.Build.0 = Release|Any CPU
		{53A7481E-B180-49C2-834C-F01C9C2FC478}.Debug|Any CPU.ActiveCfg = Debug|Any CPU
		{53A7481E-B180-49C2-834C-F01C9C2FC478}.Debug|Any CPU.Build.0 = Debug|Any CPU
		{53A7481E-B180-49C2-834C-F01C9C2FC478}.Release|Any CPU.ActiveCfg = Release|Any CPU
		{53A7481E-B180-49C2-834C-F01C9C2FC478}.Release|Any CPU.Build.0 = Release|Any CPU
		{19876F02-C8EC-445F-9B78-1C4FF2B9C47E}.Debug|Any CPU.ActiveCfg = Debug|Any CPU
		{19876F02-C8EC-445F-9B78-1C4FF2B9C47E}.Debug|Any CPU.Build.0 = Debug|Any CPU
		{19876F02-C8EC-445F-9B78-1C4FF2B9C47E}.Release|Any CPU.ActiveCfg = Release|Any CPU
		{19876F02-C8EC-445F-9B78-1C4FF2B9C47E}.Release|Any CPU.Build.0 = Release|Any CPU
	EndGlobalSection
	GlobalSection(NestedProjects) = preSolution
		{042DAC05-9CA8-4D1D-A162-BA6A3532F779} = {9F7A7580-E4F3-436D-9EE1-7CB17DC122F5}
		{D5D31EEA-B431-4063-AA08-B7FF263773EE} = {9F7A7580-E4F3-436D-9EE1-7CB17DC122F5}
		{4CCFE659-93B3-4E66-B734-FA3EAFC1CDD2} = {9F7A7580-E4F3-436D-9EE1-7CB17DC122F5}
		{B94DF98D-5943-4E22-A1BE-5E400C9A7BCE} = {928169FE-2094-4FC7-BA8B-8436ED6EEF82}
		{3B9C978E-0950-4AD5-BF77-40CBFEBD459A} = {6CF4210D-0097-4FC6-BC16-1D5AA85D2DC5}
		{53A7481E-B180-49C2-834C-F01C9C2FC478} = {6CF4210D-0097-4FC6-BC16-1D5AA85D2DC5}
		{19876F02-C8EC-445F-9B78-1C4FF2B9C47E} = {928169FE-2094-4FC7-BA8B-8436ED6EEF82}
	EndGlobalSection
EndGlobal
